
Microsoft Visual Studio Solution File, Format Version 12.00
# Visual Studio Version 16
VisualStudioVersion = 16.0.30523.141
MinimumVisualStudioVersion = 10.0.40219.1
Project("{FAE04EC0-301F-11D3-BF4B-00C04F79EFBC}") = "MazeSolver", "MazeSolver\MazeSolver.csproj", "{13A3EF86-710D-4859-903B-BD8F87DFDDBF}"
EndProject
Global
	GlobalSection(SolutionConfigurationPlatforms) = preSolution
		Debug|Any CPU = Debug|Any CPU
		Release|Any CPU = Release|Any CPU
	EndGlobalSection
	GlobalSection(ProjectConfigurationPlatforms) = postSolution
		{13A3EF86-710D-4859-903B-BD8F87DFDDBF}.Debug|Any CPU.ActiveCfg = Debug|Any CPU
		{13A3EF86-710D-4859-903B-BD8F87DFDDBF}.Debug|Any CPU.Build.0 = Debug|Any CPU
		{13A3EF86-710D-4859-903B-BD8F87DFDDBF}.Release|Any CPU.ActiveCfg = Release|Any CPU
		{13A3EF86-710D-4859-903B-BD8F87DFDDBF}.Release|Any CPU.Build.0 = Release|Any CPU
	EndGlobalSection
	GlobalSection(SolutionProperties) = preSolution
		HideSolutionNode = FALSE
	EndGlobalSection
	GlobalSection(ExtensibilityGlobals) = postSolution
		SolutionGuid = {689F80BD-E6D1-4622-9576-5BEB757D808A}
	EndGlobalSection
EndGlobal
